// !$*UTF8*$!
{
	archiveVersion = 1;
	classes = {
	};
	objectVersion = 77;
	objects = {

/* Begin PBXContainerItemProxy section */
		D07EA3D62F990F1F00E4F569 /* PBXContainerItemProxy */ = {
			isa = PBXContainerItemProxy;
			containerPortal = D07EA3C02F990F1D00E4F569 /* Project object */;
			proxyType = 1;
			remoteGlobalIDString = D07EA3C72F990F1D00E4F569;
			remoteInfo = OutTheWindow;
		};
		D07EA3E02F990F1F00E4F569 /* PBXContainerItemProxy */ = {
			isa = PBXContainerItemProxy;
			proxyType = 1;
			remoteGlobalIDString = D07EA3C72F990F1D00E4F569;
			remoteInfo = OutTheWindow;
		};
/* End PBXContainerItemProxy section */

/* Begin PBXFileReference section */
		D07EA3C82F990F1D00E4F569 /* OutTheWindow.app */ = {isa = PBXFileReference; explicitFileType = wrapper.application; includeInIndex = 0; path = OutTheWindow.app; sourceTree = BUILT_PRODUCTS_DIR; };
		D07EA3D52F990F1F00E4F569 /* OutTheWindowTests.xctest */ = {isa = PBXFileReference; explicitFileType = wrapper.cfbundle; includeInIndex = 0; path = OutTheWindowTests.xctest; sourceTree = BUILT_PRODUCTS_DIR; };
		D07EA3DF2F990F1F00E4F569 /* OutTheWindowUITests.xctest */ = {isa = PBXFileReference; explicitFileType = wrapper.cfbundle; includeInIndex = 0; path = OutTheWindowUITests.xctest; sourceTree = BUILT_PRODUCTS_DIR; };
/* End PBXFileReference section */

/* Begin PBXFileSystemSynchronizedRootGroup section */
		D07EA3CA2F990F1D00E4F569 /* OutTheWindow */ = {
			isa = PBXFileSystemSynchronizedRootGroup;
			path = OutTheWindow;
			sourceTree = "<group>";
		};
		D07EA3D82F990F1F00E4F569 /* OutTheWindowTests */ = {
			isa = PBXFileSystemSynchronizedRootGroup;
			path = OutTheWindowTests;
			sourceTree = "<group>";
		};
		D07EA3E22F990F1F00E4F569 /* OutTheWindowUITests */ = {
			isa = PBXFileSystemSynchronizedRootGroup;
			path = OutTheWindowUITests;
			sourceTree = "<group>";
		};
/* End PBXFileSystemSynchronizedRootGroup section */

/* Begin PBXFrameworksBuildPhase section */
		D07EA3C52F990F1D00E4F569 /* Frameworks */ = {
			isa = PBXFrameworksBuildPhase;
			buildActionMask = 2147483647;
			files = (
			);
			runOnlyForDeploymentPostprocessing = 0;
		};
		D07EA3D22F990F1F00E4F569 /* Frameworks */ = {
			isa = PBXFrameworksBuildPhase;
			buildActionMask = 2147483647;
			files = (
			);
			runOnlyForDeploymentPostprocessing = 0;
		};
		D07EA3DC2F990F1F00E4F569 /* Frameworks */ = {
			isa = PBXFrameworksBuildPhase;
			buildActionMask = 2147483647;
			files = (
			);
			runOnlyForDeploymentPostprocessing = 0;
		};
/* End PBXFrameworksBuildPhase section */

/* Begin PBXGroup section */
		D07EA3BF2F990F1D00E4F569 = {
			isa = PBXGroup;
			children = (
				D07EA3CA2F990F1D00E4F569 /* OutTheWindow */,
				D07EA3D82F990F1F00E4F569 /* OutTheWindowTests */,
				D07EA3E22F990F1F00E4F569 /* OutTheWindowUITests */,
				D07EA3C92F990F1D00E4F569 /* Products */,
			);
			sourceTree = "<group>";
		};
		D07EA3C92F990F1D00E4F569 /* Products */ = {
			isa = PBXGroup;
			children = (
				D07EA3C82F990F1D00E4F569 /* OutTheWindow.app */,
				D07EA3D52F990F1F00E4F569 /* OutTheWindowTests.xctest */,
				D07EA3DF2F990F1F00E4F569 /* OutTheWindowUITests.xctest */,
			);
			name = Products;
			sourceTree = "<group>";
		};
/* End PBXGroup section */

/* Begin PBXNativeTarget section */
		D07EA3C72F990F1D00E4F569 /* OutTheWindow */ = {
			isa = PBXNativeTarget;
			buildConfigurationList = D07EA3E92F990F1F00E4F569 /* Build configuration list for PBXNativeTarget "OutTheWindow" */;
			buildPhases = (
				D07EA3C42F990F1D00E4F569 /* Sources */,
				D07EA3C52F990F1D00E4F569 /* Frameworks */,
				D07EA3C62F990F1D00E4F569 /* Resources */,
			);
			buildRules = (
			);
			dependencies = (
			);
			fileSystemSynchronizedGroups = (
				D07EA3CA2F990F1D00E4F569 /* OutTheWindow */,
			);
			name = OutTheWindow;
			packageProductDependencies = (
			);
			productName = OutTheWindow;
			productReference = D07EA3C82F990F1D00E4F569 /* OutTheWindow.app */;
			productType = "com.apple.product-type.application";
		};
		D07EA3D42F990F1F00E4F569 /* OutTheWindowTests */ = {
			isa = PBXNativeTarget;
			buildConfigurationList = D07EA3EC2F990F1F00E4F569 /* Build configuration list for PBXNativeTarget "OutTheWindowTests" */;
			buildPhases = (
				D07EA3D12F990F1F00E4F569 /* Sources */,
				D07EA3D22F990F1F00E4F569 /* Frameworks */,
				D07EA3D32F990F1F00E4F569 /* Resources */,
			);
			buildRules = (
			);
			dependencies = (
				D07EA3D72F990F1F00E4F569 /* PBXTargetDependency */,
			);
			fileSystemSynchronizedGroups = (
				D07EA3D82F990F1F00E4F569 /* OutTheWindowTests */,
			);
			name = OutTheWindowTests;
			packageProductDependencies = (
			);
			productName = OutTheWindowTests;
			productReference = D07EA3D52F990F1F00E4F569 /* OutTheWindowTests.xctest */;
			productType = "com.apple.product-type.bundle.unit-test";
		};
		D07EA3DE2F990F1F00E4F569 /* OutTheWindowUITests */ = {
			isa = PBXNativeTarget;
			buildConfigurationList = D07EA3EF2F990F1F00E4F569 /* Build configuration list for PBXNativeTarget "OutTheWindowUITests" */;
			buildPhases = (
				D07EA3DB2F990F1F00E4F569 /* Sources */,
				D07EA3DC2F990F1F00E4F569 /* Frameworks */,
				D07EA3DD2F990F1F00E4F569 /* Resources */,
			);
			buildRules = (
			);
			dependencies = (
				D07EA3E12F990F1F00E4F569 /* PBXTargetDependency */,
			);
			fileSystemSynchronizedGroups = (
				D07EA3E22F990F1F00E4F569 /* OutTheWindowUITests */,
			);
			name = OutTheWindowUITests;
			packageProductDependencies = (
			);
			productName = OutTheWindowUITests;
			productReference = D07EA3DF2F990F1F00E4F569 /* OutTheWindowUITests.xctest */;
			productType = "com.apple.product-type.bundle.ui-testing";
		};
/* End PBXNativeTarget section */

/* Begin PBXProject section */
		D07EA3C02F990F1D00E4F569 /* Project object */ = {
			isa = PBXProject;
			attributes = {
				BuildIndependentTargetsInParallel = 1;
				LastSwiftUpdateCheck = 1640;
				LastUpgradeCheck = 1640;
				TargetAttributes = {
					D07EA3C72F990F1D00E4F569 = {
						CreatedOnToolsVersion = 16.4;
					};
					D07EA3D42F990F1F00E4F569 = {
						CreatedOnToolsVersion = 16.4;
						TestTargetID = D07EA3C72F990F1D00E4F569;
					};
					D07EA3DE2F990F1F00E4F569 = {
						CreatedOnToolsVersion = 16.4;
						TestTargetID = D07EA3C72F990F1D00E4F569;
					};
				};
			};
			buildConfigurationList = D07EA3C32F990F1D00E4F569 /* Build configuration list for PBXProject "OutTheWindow" */;
			developmentRegion = en;
			hasScannedForEncodings = 0;
			knownRegions = (
				en,
				Base,
			);
			mainGroup = D07EA3BF2F990F1D00E4F569;
			minimizedProjectReferenceProxies = 1;
			preferredProjectObjectVersion = 77;
			productRefGroup = D07EA3C92F990F1D00E4F569 /* Products */;
			projectDirPath = "";
			projectRoot = "";
			targets = (
				D07EA3C72F990F1D00E4F569 /* OutTheWindow */,
				D07EA3D42F990F1F00E4F569 /* OutTheWindowTests */,
				D07EA3DE2F990F1F00E4F569 /* OutTheWindowUITests */,
			);
		};
/* End PBXProject section */

/* Begin PBXResourcesBuildPhase section */
		D07EA3C62F990F1D00E4F569 /* Resources */ = {
			isa = PBXResourcesBuildPhase;
			buildActionMask = 2147483647;
			files = (
			);
			runOnlyForDeploymentPostprocessing = 0;
		};
		D07EA3D32F990F1F00E4F569 /* Resources */ = {
			isa = PBXResourcesBuildPhase;
			buildActionMask = 2147483647;
			files = (
			);
			runOnlyForDeploymentPostprocessing = 0;
		};
		D07EA3DD2F990F1F00E4F569 /* Resources */ = {
			isa = PBXResourcesBuildPhase;
			buildActionMask = 2147483647;
			files = (
			);
			runOnlyForDeploymentPostprocessing = 0;
		};
/* End PBXResourcesBuildPhase section */

/* Begin PBXSourcesBuildPhase section */
		D07EA3C42F990F1D00E4F569 /* Sources */ = {
			isa = PBXSourcesBuildPhase;
			buildActionMask = 2147483647;
			files = (
			);
			runOnlyForDeploymentPostprocessing = 0;
		};
		D07EA3D12F990F1F00E4F569 /* Sources */ = {
			isa = PBXSourcesBuildPhase;
			buildActionMask = 2147483647;
			files = (
			);
			runOnlyForDeploymentPostprocessing = 0;
		};
		D07EA3DB2F990F1F00E4F569 /* Sources */ = {
			isa = PBXSourcesBuildPhase;
			buildActionMask = 2147483647;
			files = (
			);
			runOnlyForDeploymentPostprocessing = 0;
		};
/* End PBXSourcesBuildPhase section */

/* Begin PBXTargetDependency section */
		D07EA3D72F990F1F00E4F569 /* PBXTargetDependency */ = {
			isa = PBXTargetDependency;
			target = D07EA3C72F990F1D00E4F569 /* OutTheWindow */;
			targetProxy = D07EA3D62F990F1F00E4F569 /* PBXContainerItemProxy */;
		};
		D07EA3E12F990F1F00E4F569 /* PBXTargetDependency */ = {
			isa = PBXTargetDependency;
			target = D07EA3C72F990F1D00E4F569 /* OutTheWindow */;
			targetProxy = D07EA3E02F990F1F00E4F569 /* PBXContainerItemProxy */;
		};
/* End PBXTargetDependency section */

/* Begin XCBuildConfiguration section */
		D07EA3E72F990F1F00E4F569 /* Debug */ = {
			isa = XCBuildConfiguration;
			buildSettings = {
				ALWAYS_SEARCH_USER_PATHS = NO;
				ASSETCATALOG_COMPILER_GENERATE_SWIFT_ASSET_SYMBOL_EXTENSIONS = YES;
				CLANG_ANALYZER_NONNULL = YES;
				CLANG_ANALYZER_NUMBER_OBJECT_CONVERSION = YES_AGGRESSIVE;
				CLANG_CXX_LANGUAGE_STANDARD = "gnu++20";
				CLANG_ENABLE_MODULES = YES;
				CLANG_ENABLE_OBJC_ARC = YES;
				CLANG_ENABLE_OBJC_WEAK = YES;
				CLANG_WARN_BLOCK_CAPTURE_AUTORELEASING = YES;
				CLANG_WARN_BOOL_CONVERSION = YES;
				CLANG_WARN_COMMA = YES;
				CLANG_WARN_CONSTANT_CONVERSION = YES;
				CLANG_WARN_DEPRECATED_OBJC_IMPLEMENTATIONS = YES;
				CLANG_WARN_DIRECT_OBJC_ISA_USAGE = YES_ERROR;
				CLANG_WARN_DOCUMENTATION_COMMENTS = YES;
				CLANG_WARN_EMPTY_BODY = YES;
				CLANG_WARN_ENUM_CONVERSION = YES;
				CLANG_WARN_INFINITE_RECURSION = YES;
				CLANG_WARN_INT_CONVERSION = YES;
				CLANG_WARN_NON_LITERAL_NULL_CONVERSION = YES;
				CLANG_WARN_OBJC_IMPLICIT_RETAIN_SELF = YES;
				CLANG_WARN_OBJC_LITERAL_CONVERSION = YES;
				CLANG_WARN_OBJC_ROOT_CLASS = YES_ERROR;
				CLANG_WARN_QUOTED_INCLUDE_IN_FRAMEWORK_HEADER = YES;
				CLANG_WARN_RANGE_LOOP_ANALYSIS = YES;
				CLANG_WARN_STRICT_PROTOTYPES = YES;
				CLANG_WARN_SUSPICIOUS_MOVE = YES;
				CLANG_WARN_UNGUARDED_AVAILABILITY = YES_AGGRESSIVE;
				CLANG_WARN_UNREACHABLE_CODE = YES;
				CLANG_WARN__DUPLICATE_METHOD_MATCH = YES;
				COPY_PHASE_STRIP = NO;
				DEBUG_INFORMATION_FORMAT = dwarf;
				DEVELOPMENT_TEAM = B4K6555DUY;
				ENABLE_STRICT_OBJC_MSGSEND = YES;
				ENABLE_TESTABILITY = YES;
				ENABLE_USER_SCRIPT_SANDBOXING = YES;
				GCC_C_LANGUAGE_STANDARD = gnu17;
				GCC_DYNAMIC_NO_PIC = NO;
				GCC_NO_COMMON_BLOCKS = YES;
				GCC_OPTIMIZATION_LEVEL = 0;
				GCC_PREPROCESSOR_DEFINITIONS = (
					"DEBUG=1",
					"$(inherited)",
				);
				GCC_WARN_64_TO_32_BIT_CONVERSION = YES;
				GCC_WARN_ABOUT_RETURN_TYPE = YES_ERROR;
				GCC_WARN_UNDECLARED_SELECTOR = YES;
				GCC_WARN_UNINITIALIZED_AUTOS = YES_AGGRESSIVE;
				GCC_WARN_UNUSED_FUNCTION = YES;
				GCC_WARN_UNUSED_VARIABLE = YES;
				IPHONEOS_DEPLOYMENT_TARGET = 18.5;
				LOCALIZATION_PREFERS_STRING_CATALOGS = YES;
				MTL_ENABLE_DEBUG_INFO = INCLUDE_SOURCE;
				MTL_FAST_MATH = YES;
				ONLY_ACTIVE_ARCH = YES;
				SDKROOT = iphoneos;
				SWIFT_ACTIVE_COMPILATION_CONDITIONS = "DEBUG $(inherited)";
				SWIFT_OPTIMIZATION_LEVEL = "-Onone";
			};
			name = Debug;
		};
		D07EA3E82F990F1F00E4F569 /* Release */ = {
			isa = XCBuildConfiguration;
			buildSettings = {
				ALWAYS_SEARCH_USER_PATHS = NO;
				ASSETCATALOG_COMPILER_GENERATE_SWIFT_ASSET_SYMBOL_EXTENSIONS = YES;
				CLANG_ANALYZER_NONNULL = YES;
				CLANG_ANALYZER_NUMBER_OBJECT_CONVERSION = YES_AGGRESSIVE;
				CLANG_CXX_LANGUAGE_STANDARD = "gnu++20";
				CLANG_ENABLE_MODULES = YES;
				CLANG_ENABLE_OBJC_ARC = YES;
				CLANG_ENABLE_OBJC_WEAK = YES;
				CLANG_WARN_BLOCK_CAPTURE_AUTORELEASING = YES;
				CLANG_WARN_BOOL_CONVERSION = YES;
				CLANG_WARN_COMMA = YES;
				CLANG_WARN_CONSTANT_CONVERSION = YES;
				CLANG_WARN_DEPRECATED_OBJC_IMPLEMENTATIONS = YES;
				CLANG_WARN_DIRECT_OBJC_ISA_USAGE = YES_ERROR;
				CLANG_WARN_DOCUMENTATION_COMMENTS = YES;
				CLANG_WARN_EMPTY_BODY = YES;
				CLANG_WARN_ENUM_CONVERSION = YES;
				CLANG_WARN_INFINITE_RECURSION = YES;
				CLANG_WARN_INT_CONVERSION = YES;
				CLANG_WARN_NON_LITERAL_NULL_CONVERSION = YES;
				CLANG_WARN_OBJC_IMPLICIT_RETAIN_SELF = YES;
				CLANG_WARN_OBJC_LITERAL_CONVERSION = YES;
				CLANG_WARN_OBJC_ROOT_CLASS = YES_ERROR;
				CLANG_WARN_QUOTED_INCLUDE_IN_FRAMEWORK_HEADER = YES;
				CLANG_WARN_RANGE_LOOP_ANALYSIS = YES;
				CLANG_WARN_STRICT_PROTOTYPES = YES;
				CLANG_WARN_SUSPICIOUS_MOVE = YES;
				CLANG_WARN_UNGUARDED_AVAILABILITY = YES_AGGRESSIVE;
				CLANG_WARN_UNREACHABLE_CODE = YES;
				CLANG_WARN__DUPLICATE_METHOD_MATCH = YES;
				COPY_PHASE_STRIP = NO;
				DEBUG_INFORMATION_FORMAT = "dwarf-with-dsym";
				DEVELOPMENT_TEAM = B4K6555DUY;
				ENABLE_NS_ASSERTIONS = NO;
				ENABLE_STRICT_OBJC_MSGSEND = YES;
				ENABLE_USER_SCRIPT_SANDBOXING = YES;
				GCC_C_LANGUAGE_STANDARD = gnu17;
				GCC_NO_COMMON_BLOCKS = YES;
				GCC_WARN_64_TO_32_BIT_CONVERSION = YES;
				GCC_WARN_ABOUT_RETURN_TYPE = YES_ERROR;
				GCC_WARN_UNDECLARED_SELECTOR = YES;
				GCC_WARN_UNINITIALIZED_AUTOS = YES_AGGRESSIVE;
				GCC_WARN_UNUSED_FUNCTION = YES;
				GCC_WARN_UNUSED_VARIABLE = YES;
				IPHONEOS_DEPLOYMENT_TARGET = 18.5;
				LOCALIZATION_PREFERS_STRING_CATALOGS = YES;
				MTL_ENABLE_DEBUG_INFO = NO;
				MTL_FAST_MATH = YES;
				SDKROOT = iphoneos;
				SWIFT_COMPILATION_MODE = wholemodule;
				VALIDATE_PRODUCT = YES;
			};
			name = Release;
		};
		D07EA3EA2F990F1F00E4F569 /* Debug */ = {
			isa = XCBuildConfiguration;
			buildSettings = {
				ASSETCATALOG_COMPILER_APPICON_NAME = AppIcon;
				ASSETCATALOG_COMPILER_GLOBAL_ACCENT_COLOR_NAME = AccentColor;
				CODE_SIGN_STYLE = Automatic;
				CURRENT_PROJECT_VERSION = 1;
				DEVELOPMENT_TEAM = B4K6555DUY;
				ENABLE_PREVIEWS = YES;
				GENERATE_INFOPLIST_FILE = YES;
				INFOPLIST_KEY_UIApplicationSceneManifest_Generation = YES;
				INFOPLIST_KEY_UIApplicationSupportsIndirectInputEvents = YES;
				INFOPLIST_KEY_UILaunchScreen_Generation = YES;
				INFOPLIST_KEY_UISupportedInterfaceOrientations_iPad = "UIInterfaceOrientationPortrait UIInterfaceOrientationPortraitUpsideDown UIInterfaceOrientationLandscapeLeft UIInterfaceOrientationLandscapeRight";
				INFOPLIST_KEY_UISupportedInterfaceOrientations_iPhone = "UIInterfaceOrientationPortrait UIInterfaceOrientationLandscapeLeft UIInterfaceOrientationLandscapeRight";
				LD_RUNPATH_SEARCH_PATHS = (
					"$(inherited)",
					"@executable_path/Frameworks",
				);
				MARKETING_VERSION = 1.0;
				PRODUCT_BUNDLE_IDENTIFIER = com.theaiexpedition.OutTheWindow;
				PRODUCT_NAME = "$(TARGET_NAME)";
				SWIFT_EMIT_LOC_STRINGS = YES;
				SWIFT_VERSION = 5.0;
				TARGETED_DEVICE_FAMILY = "1,2";
			};
			name = Debug;
		};
		D07EA3EB2F990F1F00E4F569 /* Release */ = {
			isa = XCBuildConfiguration;
			buildSettings = {
				ASSETCATALOG_COMPILER_APPICON_NAME = AppIcon;
				ASSETCATALOG_COMPILER_GLOBAL_ACCENT_COLOR_NAME = AccentColor;
				CODE_SIGN_STYLE = Automatic;
				CURRENT_PROJECT_VERSION = 1;
				DEVELOPMENT_TEAM = B4K6555DUY;
				ENABLE_PREVIEWS = YES;
				GENERATE_INFOPLIST_FILE = YES;
				INFOPLIST_KEY_UIApplicationSceneManifest_Generation = YES;
				INFOPLIST_KEY_UIApplicationSupportsIndirectInputEvents = YES;
				INFOPLIST_KEY_UILaunchScreen_Generation = YES;
				INFOPLIST_KEY_UISupportedInterfaceOrientations_iPad = "UIInterfaceOrientationPortrait UIInterfaceOrientationPortraitUpsideDown UIInterfaceOrientationLandscapeLeft UIInterfaceOrientationLandscapeRight";
				INFOPLIST_KEY_UISupportedInterfaceOrientations_iPhone = "UIInterfaceOrientationPortrait UIInterfaceOrientationLandscapeLeft UIInterfaceOrientationLandscapeRight";
				LD_RUNPATH_SEARCH_PATHS = (
					"$(inherited)",
					"@executable_path/Frameworks",
				);
				MARKETING_VERSION = 1.0;
				PRODUCT_BUNDLE_IDENTIFIER = com.theaiexpedition.OutTheWindow;
				PRODUCT_NAME = "$(TARGET_NAME)";
				SWIFT_EMIT_LOC_STRINGS = YES;
				SWIFT_VERSION = 5.0;
				TARGETED_DEVICE_FAMILY = "1,2";
			};
			name = Release;
		};
		D07EA3ED2F990F1F00E4F569 /* Debug */ = {
			isa = XCBuildConfiguration;
			buildSettings = {
				BUNDLE_LOADER = "$(TEST_HOST)";
				CODE_SIGN_STYLE = Automatic;
				CURRENT_PROJECT_VERSION = 1;
				DEVELOPMENT_TEAM = B4K6555DUY;
				GENERATE_INFOPLIST_FILE = YES;
				IPHONEOS_DEPLOYMENT_TARGET = 18.5;
				MARKETING_VERSION = 1.0;
				PRODUCT_BUNDLE_IDENTIFIER = com.theaiexpedition.OutTheWindowTests;
				PRODUCT_NAME = "$(TARGET_NAME)";
				SWIFT_EMIT_LOC_STRINGS = NO;
				SWIFT_VERSION = 5.0;
				TARGETED_DEVICE_FAMILY = "1,2";
				TEST_HOST = "$(BUILT_PRODUCTS_DIR)/OutTheWindow.app/$(BUNDLE_EXECUTABLE_FOLDER_PATH)/OutTheWindow";
			};
			name = Debug;
		};
		D07EA3EE2F990F1F00E4F569 /* Release */ = {
			isa = XCBuildConfiguration;
			buildSettings = {
				BUNDLE_LOADER = "$(TEST_HOST)";
				CODE_SIGN_STYLE = Automatic;
				CURRENT_PROJECT_VERSION = 1;
				DEVELOPMENT_TEAM = B4K6555DUY;
				GENERATE_INFOPLIST_FILE = YES;
				IPHONEOS_DEPLOYMENT_TARGET = 18.5;
				MARKETING_VERSION = 1.0;
				PRODUCT_BUNDLE_IDENTIFIER = com.theaiexpedition.OutTheWindowTests;
				PRODUCT_NAME = "$(TARGET_NAME)";
				SWIFT_EMIT_LOC_STRINGS = NO;
				SWIFT_VERSION = 5.0;
				TARGETED_DEVICE_FAMILY = "1,2";
				TEST_HOST = "$(BUILT_PRODUCTS_DIR)/OutTheWindow.app/$(BUNDLE_EXECUTABLE_FOLDER_PATH)/OutTheWindow";
			};
			name = Release;
		};
		D07EA3F02F990F1F00E4F569 /* Debug */ = {
			isa = XCBuildConfiguration;
			buildSettings = {
				CODE_SIGN_STYLE = Automatic;
				CURRENT_PROJECT_VERSION = 1;
				DEVELOPMENT_TEAM = B4K6555DUY;
				GENERATE_INFOPLIST_FILE = YES;
				MARKETING_VERSION = 1.0;
				PRODUCT_BUNDLE_IDENTIFIER = com.theaiexpedition.OutTheWindowUITests;
				PRODUCT_NAME = "$(TARGET_NAME)";
				SWIFT_EMIT_LOC_STRINGS = NO;
				SWIFT_VERSION = 5.0;
				TARGETED_DEVICE_FAMILY = "1,2";
				TEST_TARGET_NAME = OutTheWindow;
			};
			name = Debug;
		};
		D07EA3F12F990F1F00E4F569 /* Release */ = {
			isa = XCBuildConfiguration;
			buildSettings = {
				CODE_SIGN_STYLE = Automatic;
				CURRENT_PROJECT_VERSION = 1;
				DEVELOPMENT_TEAM = B4K6555DUY;
				GENERATE_INFOPLIST_FILE = YES;
				MARKETING_VERSION = 1.0;
				PRODUCT_BUNDLE_IDENTIFIER = com.theaiexpedition.OutTheWindowUITests;
				PRODUCT_NAME = "$(TARGET_NAME)";
				SWIFT_EMIT_LOC_STRINGS = NO;
				SWIFT_VERSION = 5.0;
				TARGETED_DEVICE_FAMILY = "1,2";
				TEST_TARGET_NAME = OutTheWindow;
			};
			name = Release;
		};
/* End XCBuildConfiguration section */

/* Begin XCConfigurationList section */
		D07EA3C32F990F1D00E4F569 /* Build configuration list for PBXProject "OutTheWindow" */ = {
			isa = XCConfigurationList;
			buildConfigurations = (
				D07EA3E72F990F1F00E4F569 /* Debug */,
				D07EA3E82F990F1F00E4F569 /* Release */,
			);
			defaultConfigurationIsVisible = 0;
			defaultConfigurationName = Release;
		};
		D07EA3E92F990F1F00E4F569 /* Build configuration list for PBXNativeTarget "OutTheWindow" */ = {
			isa = XCConfigurationList;
			buildConfigurations = (
				D07EA3EA2F990F1F00E4F569 /* Debug */,
				D07EA3EB2F990F1F00E4F569 /* Release */,
			);
			defaultConfigurationIsVisible = 0;
			defaultConfigurationName = Release;
		};
		D07EA3EC2F990F1F00E4F569 /* Build configuration list for PBXNativeTarget "OutTheWindowTests" */ = {
			isa = XCConfigurationList;
			buildConfigurations = (
				D07EA3ED2F990F1F00E4F569 /* Debug */,
				D07EA3EE2F990F1F00E4F569 /* Release */,
			);
			defaultConfigurationIsVisible = 0;
			defaultConfigurationName = Release;
		};
		D07EA3EF2F990F1F00E4F569 /* Build configuration list for PBXNativeTarget "OutTheWindowUITests" */ = {
			isa = XCConfigurationList;
			buildConfigurations = (
				D07EA3F02F990F1F00E4F569 /* Debug */,
				D07EA3F12F990F1F00E4F569 /* Release */,
			);
			defaultConfigurationIsVisible = 0;
			defaultConfigurationName = Release;
		};
/* End XCConfigurationList section */
	};
	rootObject = D07EA3C02F990F1D00E4F569 /* Project object */;
}
